
Microsoft Visual Studio Solution File, Format Version 12.00
# Visual Studio Version 16
VisualStudioVersion = 16.0.30114.105
MinimumVisualStudioVersion = 10.0.40219.1
Project("{2150E333-8FDC-42A3-9474-1A3956D46DE8}") = "src", "src", "{E8DADDBE-3048-4B6C-ABFB-EA1C04238F52}"
EndProject
Project("{FAE04EC0-301F-11D3-BF4B-00C04F79EFBC}") = "Weather", "src\Weather\Weather.csproj", "{EFAE1D28-CCCB-4ACF-BA07-CE64385135F5}"
EndProject
Project("{2150E333-8FDC-42A3-9474-1A3956D46DE8}") = "Solution Items", "Solution Items", "{9D185376-A135-4335-9C47-764AD2F26F7F}"
	ProjectSection(SolutionItems) = preProject
		.gitignore = .gitignore
		README.md = README.md
	EndProjectSection
EndProject
Global
	GlobalSection(SolutionConfigurationPlatforms) = preSolution
		Debug|Any CPU = Debug|Any CPU
		Release|Any CPU = Release|Any CPU
	EndGlobalSection
	GlobalSection(SolutionProperties) = preSolution
		HideSolutionNode = FALSE
	EndGlobalSection
	GlobalSection(ProjectConfigurationPlatforms) = postSolution
		{EFAE1D28-CCCB-4ACF-BA07-CE64385135F5}.Debug|Any CPU.ActiveCfg = Debug|Any CPU
		{EFAE1D28-CCCB-4ACF-BA07-CE64385135F5}.Debug|Any CPU.Build.0 = Debug|Any CPU
		{EFAE1D28-CCCB-4ACF-BA07-CE64385135F5}.Release|Any CPU.ActiveCfg = Release|Any CPU
		{EFAE1D28-CCCB-4ACF-BA07-CE64385135F5}.Release|Any CPU.Build.0 = Release|Any CPU
	EndGlobalSection
	GlobalSection(NestedProjects) = preSolution
		{EFAE1D28-CCCB-4ACF-BA07-CE64385135F5} = {E8DADDBE-3048-4B6C-ABFB-EA1C04238F52}
	EndGlobalSection
EndGlobal
